github.com/joho/godotenv v1.5.1 h1:7eLL/+HRGLY0ldzfGMeQkb7vMd0as4CfYvUVzLqw0N0=
github.com/joho/godotenv v1.5.1/go.mod h1:f4LDr5Voq0i2e/R5DDNOoa2zzDfwtkZa6DnEwAbqwq4=
github.com/linexjlin/TRewind v0.0.0-20240702074718-5230cdb9e6de h1:VLLlEWDA1Twqa8iVOZoJWNl91nFCJrWiORxryJbeA9M=
github.com/linexjlin/TRewind v0.0.0-20240702074718-5230cdb9e6de/go.mod h1:xD0m+dCo0PYFyMIaOT6+JoxCLo2HboTH5kW9dK1iqsA=
github.com/philippgille/chromem-go v0.6.0 h1:1f+xHu1FRow2O1Kgt5Gn9enioe5MJrUYO5YGOCGMEg4=
github.com/philippgille/chromem-go v0.6.0/go.mod h1:hTd+wGEm/fFPQl7ilfCwQXkgEUxceYh86iIdoKMolPo=
